<?xml version="1.0" encoding="utf-8"?>
<Project ToolsVersion="4.0" xmlns="http://schemas.microsoft.com/developer/msbuild/2003">
  <ItemGroup>
    <Filter Include="Source Files">
      <UniqueIdentifier>{4FC737F1-C7A5-4376-A066-2A32D752A2FF}</UniqueIdentifier>
      <Extensions>cpp;c;cc;cxx;def;odl;idl;hpj;bat;asm;asmx</Extensions>
    </Filter>
    <Filter Include="Header Files">
      <UniqueIdentifier>{93995380-89BD-4b04-88EB-625FBE52EBFB}</UniqueIdentifier>
      <Extensions>h;hh;hpp;hxx;hm;inl;inc;xsd</Extensions>
    </Filter>
    <Filter Include="Resource Files">
      <UniqueIdentifier>{D9D6E242-F8AF-46E4-B9FD-80ECBC20BA3E}</UniqueIdentifier>
      <Extensions>qrc;*</Extensions>
      <ParseFiles>false</ParseFiles>
    </Filter>
    <Filter Include="Form Files">
      <UniqueIdentifier>{99349809-55BA-4b9d-BF79-8FDBB0286EB3}</UniqueIdentifier>
      <Extensions>ui</Extensions>
    </Filter>
    <Filter Include="Resource Files">
      <UniqueIdentifier>{D9D6E242-F8AF-46E4-B9FD-80ECBC20BA3E}</UniqueIdentifier>
      <Extensions>qrc;*</Extensions>
      <ParseFiles>false</ParseFiles>
    </Filter>
    <Filter Include="WindowHeaders">
      <UniqueIdentifier>{837aeaef-0e56-4969-8718-b2d4b5cb05ae}</UniqueIdentifier>
    </Filter>
    <Filter Include="WindowCpps">
      <UniqueIdentifier>{9b9501b3-167a-4e42-8675-aacf6b63c42e}</UniqueIdentifier>
    </Filter>
    <Filter Include="Header Files\Global Headers">
      <UniqueIdentifier>{26c3e9dc-1221-4d09-aafc-fbcc5ea64a11}</UniqueIdentifier>
    </Filter>
    <Filter Include="Header Files\Custom Headers">
      <UniqueIdentifier>{c6964ee2-c9ea-41ff-a7dd-784f867abc20}</UniqueIdentifier>
    </Filter>
    <Filter Include="Source Files\Custom sources">
      <UniqueIdentifier>{de5ce1b7-f3be-4178-93b0-d5e9931c67ca}</UniqueIdentifier>
    </Filter>
    <Filter Include="Source Files\Global sources">
      <UniqueIdentifier>{4a732ee4-25f0-445e-b277-e15c4958f200}</UniqueIdentifier>
    </Filter>
  </ItemGroup>
  <ItemGroup>
    <ClCompile Include="main.cpp">
      <Filter>Source Files\Global sources</Filter>
    </ClCompile>
    <ClCompile Include="stdafx.cpp">
      <Filter>Source Files\Global sources</Filter>
    </ClCompile>
    <ClCompile Include="Plot\qcustomplot.cpp">
      <Filter>Source Files</Filter>
    </ClCompile>
    <ClCompile Include="Fourier\fourier.cpp">
      <Filter>Source Files\Custom sources</Filter>
    </ClCompile>
    <ClCompile Include="Astrophysics\FITS.cpp">
      <Filter>Source Files\Custom sources</Filter>
    </ClCompile>
    <ClCompile Include="IPC\IPC.cpp">
      <Filter>Source Files\Custom sources</Filter>
    </ClCompile>
    <ClCompile Include="Neural\neural.cpp">
      <Filter>Source Files\Custom sources</Filter>
    </ClCompile>
    <ClCompile Include="Fractal\fractal.cpp">
      <Filter>Source Files\Custom sources</Filter>
    </ClCompile>
    <ClCompile Include="Filtering\filtering.cpp">
      <Filter>Source Files\Custom sources</Filter>
    </ClCompile>
    <ClCompile Include="InverseMap\inverseMapping.cpp">
      <Filter>Source Files\Custom sources</Filter>
    </ClCompile>
    <ClCompile Include="Snake\snake.cpp">
      <Filter>Source Files</Filter>
    </ClCompile>
    <ClCompile Include="Snake\map.cpp">
      <Filter>Source Files</Filter>
    </ClCompile>
    <ClCompile Include="Astrophysics\diffrot.cpp">
      <Filter>Source Files</Filter>
    </ClCompile>
    <ClCompile Include="Log\logger.cpp">
      <Filter>Source Files</Filter>
    </ClCompile>
    <ClCompile Include="IPC\ipcAux.cpp">
      <Filter>Source Files</Filter>
    </ClCompile>
    <ClCompile Include="Plot\Plot2D.cpp">
      <Filter>Source Files</Filter>
    </ClCompile>
    <ClCompile Include="Plot\Plot1D.cpp">
      <Filter>Source Files</Filter>
    </ClCompile>
    <ClCompile Include="Plot\Plot.cpp">
      <Filter>Source Files</Filter>
    </ClCompile>
    <ClCompile Include="Gui\Main\Zdeny_PhD_Shenanigans.cpp">
      <Filter>WindowCpps</Filter>
    </ClCompile>
    <ClCompile Include="Astrophysics\SDOipcOpt.cpp">
      <Filter>Source Files\Custom sources</Filter>
    </ClCompile>
    <ClCompile Include="Gui\Windows\Diffrot\WindowDiffrot.cpp">
      <Filter>WindowCpps</Filter>
    </ClCompile>
    <ClCompile Include="Gui\Windows\IPC2PicAlign\WindowIPC2PicAlign.cpp">
      <Filter>WindowCpps</Filter>
    </ClCompile>
    <ClCompile Include="Gui\Windows\IPCoptimize\WindowIPCoptimize.cpp">
      <Filter>WindowCpps</Filter>
    </ClCompile>
    <ClCompile Include="Gui\Windows\IPCparameters\WindowIPCparameters.cpp">
      <Filter>WindowCpps</Filter>
    </ClCompile>
    <ClCompile Include="Gui\Windows\Plot\WindowPlot.cpp">
      <Filter>Source Files</Filter>
    </ClCompile>
    <ClCompile Include="Gui\Windows\Template\WindowTemplate.cpp">
      <Filter>WindowCpps</Filter>
    </ClCompile>
    <ClCompile Include="Gui\Windows\Features\WindowFeatures.cpp">
      <Filter>Source Files</Filter>
    </ClCompile>
    <ClCompile Include="IPC\IterativePhaseCorrelation.cpp">
      <Filter>Source Files</Filter>
    </ClCompile>
    <ClCompile Include="Optimization\Evolution.cpp">
      <Filter>Source Files</Filter>
    </ClCompile>
    <ClCompile Include="Optimization\PatternSearch.cpp">
      <Filter>Source Files</Filter>
    </ClCompile>
    <ClCompile Include="Optimization\VisualOptimization.cpp">
      <Filter>Source Files</Filter>
    </ClCompile>
    <ClCompile Include="Optimization\Optimization.cpp">
      <Filter>Source Files\Custom sources</Filter>
    </ClCompile>
    <ClCompile Include="Optimization\GraphOptimization.cpp">
      <Filter>Source Files\Custom sources</Filter>
    </ClCompile>
  </ItemGroup>
  <ItemGroup>
    <ClInclude Include="stdafx.h">
      <Filter>Header Files\Global Headers</Filter>
    </ClInclude>
    <ClInclude Include="Fourier\fourier.h">
      <Filter>Header Files\Custom Headers</Filter>
    </ClInclude>
    <ClInclude Include="Astrophysics\FITS.h">
      <Filter>Header Files\Custom Headers</Filter>
    </ClInclude>
    <ClInclude Include="IPC\IPC.h">
      <Filter>Header Files\Custom Headers</Filter>
    </ClInclude>
    <ClInclude Include="Neural\neural.h">
      <Filter>Header Files\Custom Headers</Filter>
    </ClInclude>
    <ClInclude Include="Fractal\fractal.h">
      <Filter>Header Files\Custom Headers</Filter>
    </ClInclude>
    <ClInclude Include="Core\functionsBaseSTL.h">
      <Filter>Header Files\Custom Headers</Filter>
    </ClInclude>
    <ClInclude Include="Core\functionsBaseCV.h">
      <Filter>Header Files\Custom Headers</Filter>
    </ClInclude>
    <ClInclude Include="Filtering\filtering.h">
      <Filter>Header Files\Custom Headers</Filter>
    </ClInclude>
    <ClInclude Include="Core\globals.h">
      <Filter>Header Files\Global Headers</Filter>
    </ClInclude>
    <ClInclude Include="Core\macros.h">
      <Filter>Header Files\Global Headers</Filter>
    </ClInclude>
    <ClInclude Include="Log\logger.h">
      <Filter>Header Files\Global Headers</Filter>
    </ClInclude>
    <ClInclude Include="InverseMap\inverseMapping.h">
      <Filter>Header Files\Custom Headers</Filter>
    </ClInclude>
    <ClInclude Include="Procedural\baseFunctions2d.h">
      <Filter>Header Files</Filter>
    </ClInclude>
    <ClInclude Include="Core\constants.h">
      <Filter>Header Files</Filter>
    </ClInclude>
    <ClInclude Include="Procedural\procedural.h">
      <Filter>Header Files</Filter>
    </ClInclude>
    <ClInclude Include="Snake\snake.h">
      <Filter>Header Files</Filter>
    </ClInclude>
    <ClInclude Include="Snake\map.h">
      <Filter>Header Files</Filter>
    </ClInclude>
    <ClInclude Include="Snake\game.h">
      <Filter>Header Files</Filter>
    </ClInclude>
    <ClInclude Include="Astrophysics\diffrot.h">
      <Filter>Header Files</Filter>
    </ClInclude>
    <ClInclude Include="IPC\ipcAux.h">
      <Filter>Header Files</Filter>
    </ClInclude>
    <ClInclude Include="Astrophysics\diffrotResults.h">
      <Filter>Header Files</Filter>
    </ClInclude>
    <ClInclude Include="Plot\Plot2D.h">
      <Filter>Header Files</Filter>
    </ClInclude>
    <ClInclude Include="Plot\Plot.h">
      <Filter>Header Files</Filter>
    </ClInclude>
    <ClInclude Include="Plot\Plot1D.h">
      <Filter>Header Files</Filter>
    </ClInclude>
    <ClInclude Include="Astrophysics\SwindFlow.h">
      <Filter>Header Files</Filter>
    </ClInclude>
    <ClInclude Include="Astrophysics\SDOipcOpt.h">
      <Filter>Header Files\Custom Headers</Filter>
    </ClInclude>
    <ClInclude Include="Features\FeatureMatch.h">
      <Filter>Header Files</Filter>
    </ClInclude>
    <ClInclude Include="Fit\polyfit.h">
      <Filter>Header Files</Filter>
    </ClInclude>
    <ClInclude Include="Fit\nnfit.h">
      <Filter>Header Files</Filter>
    </ClInclude>
    <ClInclude Include="Fit\trigfit.h">
      <Filter>Header Files</Filter>
    </ClInclude>
    <ClInclude Include="Draw\draw.h">
      <Filter>Header Files</Filter>
    </ClInclude>
    <ClInclude Include="Draw\colormap.h">
      <Filter>Header Files</Filter>
    </ClInclude>
    <ClInclude Include="Draw\showsave.h">
      <Filter>Header Files</Filter>
    </ClInclude>
    <ClInclude Include="Utils\vectmat.h">
      <Filter>Header Files</Filter>
    </ClInclude>
    <ClInclude Include="Utils\export.h">
      <Filter>Header Files</Filter>
    </ClInclude>
    <ClInclude Include="Draw\crop.h">
      <Filter>Header Files</Filter>
    </ClInclude>
    <ClInclude Include="Draw\combinepics.h">
      <Filter>Header Files</Filter>
    </ClInclude>
    <ClInclude Include="Astrophysics\diffrotFileIO.h">
      <Filter>Header Files</Filter>
    </ClInclude>
    <ClInclude Include="IPC\IterativePhaseCorrelation.h">
      <Filter>Header Files</Filter>
    </ClInclude>
    <ClInclude Include="Optimization\Evolution.h">
      <Filter>Header Files</Filter>
    </ClInclude>
    <ClInclude Include="Optimization\PatternSearch.h">
      <Filter>Header Files</Filter>
    </ClInclude>
    <ClInclude Include="Optimization\OptimizationTestFunctions.h">
      <Filter>Header Files</Filter>
    </ClInclude>
    <ClInclude Include="Optimization\VisualOptimization.h">
      <Filter>Header Files</Filter>
    </ClInclude>
    <ClInclude Include="Optimization\Optimization.h">
      <Filter>Header Files\Custom Headers</Filter>
    </ClInclude>
    <ClInclude Include="Optimization\GraphOptimization.h">
      <Filter>Header Files\Custom Headers</Filter>
    </ClInclude>
    <ClInclude Include="Debug\Debug.h">
      <Filter>Header Files</Filter>
    </ClInclude>
    <ClInclude Include="Plot\PlotCSV.h">
      <Filter>Header Files</Filter>
    </ClInclude>
  </ItemGroup>
  <ItemGroup>
    <QtMoc Include="Plot\qcustomplot.h">
      <Filter>Header Files</Filter>
    </QtMoc>
    <QtMoc Include="Gui\Main\Zdeny_PhD_Shenanigans.h">
      <Filter>WindowHeaders</Filter>
    </QtMoc>
    <QtMoc Include="Gui\Windows\Diffrot\WindowDiffrot.h">
      <Filter>WindowHeaders</Filter>
    </QtMoc>
    <QtMoc Include="Gui\Windows\IPC2PicAlign\WindowIPC2PicAlign.h">
      <Filter>WindowHeaders</Filter>
    </QtMoc>
    <QtMoc Include="Gui\Windows\IPCoptimize\WindowIPCoptimize.h">
      <Filter>WindowHeaders</Filter>
    </QtMoc>
    <QtMoc Include="Gui\Windows\IPCparameters\WindowIPCparameters.h">
      <Filter>WindowHeaders</Filter>
    </QtMoc>
    <QtMoc Include="Gui\Windows\Plot\WindowPlot.h">
      <Filter>Header Files</Filter>
    </QtMoc>
    <QtMoc Include="Gui\Windows\Template\WindowTemplate.h">
      <Filter>WindowHeaders</Filter>
    </QtMoc>
    <QtMoc Include="Gui\Windows\Features\WindowFeatures.h">
      <Filter>Header Files</Filter>
    </QtMoc>
  </ItemGroup>
  <ItemGroup>
    <QtUic Include="Gui\Main\Zdeny_PhD_Shenanigans.ui">
      <Filter>Form Files</Filter>
    </QtUic>
    <QtUic Include="Gui\Windows\Diffrot\WindowDiffrot.ui">
      <Filter>Form Files</Filter>
    </QtUic>
    <QtUic Include="Gui\Windows\IPC2PicAlign\WindowIPC2PicAlign.ui">
      <Filter>Form Files</Filter>
    </QtUic>
    <QtUic Include="Gui\Windows\IPCoptimize\WindowIPCoptimize.ui">
      <Filter>Form Files</Filter>
    </QtUic>
    <QtUic Include="Gui\Windows\IPCparameters\WindowIPCparameters.ui">
      <Filter>Form Files</Filter>
    </QtUic>
    <QtUic Include="Gui\Windows\Plot\WindowPlot.ui">
      <Filter>Form Files</Filter>
    </QtUic>
    <QtUic Include="Gui\Windows\Template\WindowTemplate.ui">
      <Filter>Form Files</Filter>
    </QtUic>
    <QtUic Include="Gui\Windows\Features\WindowFeatures.ui">
      <Filter>Form Files</Filter>
    </QtUic>
  </ItemGroup>
  <ItemGroup>
    <Image Include="Resources\Zdeny_PhD_Shenanigans.ico" />
    <Image Include="Resources\logo.png" />
    <Image Include="Resources\test.png" />
  </ItemGroup>
  <ItemGroup>
    <ResourceCompile Include="Resources\Zdeny_PhD_Shenanigans.rc">
      <Filter>Resource Files</Filter>
    </ResourceCompile>
  </ItemGroup>
  <ItemGroup>
    <QtRcc Include="Resources\Zdeny_PhD_Shenanigans.qrc">
      <Filter>Resource Files</Filter>
    </QtRcc>
  </ItemGroup>
</Project>