<?xml version="1.0" encoding="utf-8"?>
<Project ToolsVersion="4.0" xmlns="http://schemas.microsoft.com/developer/msbuild/2003">
  <ItemGroup>
    <Filter Include="Source Files">
      <UniqueIdentifier>{4FC737F1-C7A5-4376-A066-2A32D752A2FF}</UniqueIdentifier>
      <Extensions>cpp;c;cc;cxx;def;odl;idl;hpj;bat;asm;asmx</Extensions>
    </Filter>
    <Filter Include="Header Files">
      <UniqueIdentifier>{93995380-89BD-4b04-88EB-625FBE52EBFB}</UniqueIdentifier>
      <Extensions>h;hh;hpp;hxx;hm;inl;inc;xsd</Extensions>
    </Filter>
    <Filter Include="Resource Files">
      <UniqueIdentifier>{D9D6E242-F8AF-46E4-B9FD-80ECBC20BA3E}</UniqueIdentifier>
      <Extensions>qrc;*</Extensions>
      <ParseFiles>false</ParseFiles>
    </Filter>
    <Filter Include="Form Files">
      <UniqueIdentifier>{99349809-55BA-4b9d-BF79-8FDBB0286EB3}</UniqueIdentifier>
      <Extensions>ui</Extensions>
    </Filter>
    <Filter Include="Resource Files">
      <UniqueIdentifier>{D9D6E242-F8AF-46E4-B9FD-80ECBC20BA3E}</UniqueIdentifier>
      <Extensions>qrc;*</Extensions>
      <ParseFiles>false</ParseFiles>
    </Filter>
    <Filter Include="WindowHeaders">
      <UniqueIdentifier>{837aeaef-0e56-4969-8718-b2d4b5cb05ae}</UniqueIdentifier>
    </Filter>
    <Filter Include="WindowCpps">
      <UniqueIdentifier>{9b9501b3-167a-4e42-8675-aacf6b63c42e}</UniqueIdentifier>
    </Filter>
    <Filter Include="Header Files\Global Headers">
      <UniqueIdentifier>{26c3e9dc-1221-4d09-aafc-fbcc5ea64a11}</UniqueIdentifier>
    </Filter>
    <Filter Include="Header Files\Custom Headers">
      <UniqueIdentifier>{c6964ee2-c9ea-41ff-a7dd-784f867abc20}</UniqueIdentifier>
    </Filter>
    <Filter Include="Source Files\Custom sources">
      <UniqueIdentifier>{de5ce1b7-f3be-4178-93b0-d5e9931c67ca}</UniqueIdentifier>
    </Filter>
    <Filter Include="Source Files\Global sources">
      <UniqueIdentifier>{4a732ee4-25f0-445e-b277-e15c4958f200}</UniqueIdentifier>
    </Filter>
  </ItemGroup>
  <ItemGroup>
    <ClCompile Include="main.cpp">
      <Filter>Source Files\Global sources</Filter>
    </ClCompile>
    <ClCompile Include="stdafx.cpp">
      <Filter>Source Files\Global sources</Filter>
    </ClCompile>
    <ClCompile Include="Plot\qcustomplot.cpp">
      <Filter>Source Files</Filter>
    </ClCompile>
    <ClCompile Include="Optimization\graphOptimization.cpp">
      <Filter>Source Files\Custom sources</Filter>
    </ClCompile>
    <ClCompile Include="Optimization\optimization.cpp">
      <Filter>Source Files\Custom sources</Filter>
    </ClCompile>
    <ClCompile Include="Fourier\fourier.cpp">
      <Filter>Source Files\Custom sources</Filter>
    </ClCompile>
    <ClCompile Include="Astrophysics\FITS.cpp">
      <Filter>Source Files\Custom sources</Filter>
    </ClCompile>
    <ClCompile Include="Astrophysics\functionsAstro.cpp">
      <Filter>Source Files\Custom sources</Filter>
    </ClCompile>
    <ClCompile Include="IPC\IPC.cpp">
      <Filter>Source Files\Custom sources</Filter>
    </ClCompile>
    <ClCompile Include="Neural\neural.cpp">
      <Filter>Source Files\Custom sources</Filter>
    </ClCompile>
    <ClCompile Include="Fractal\fractal.cpp">
      <Filter>Source Files\Custom sources</Filter>
    </ClCompile>
    <ClCompile Include="Core\functionsBaseSTL.cpp">
      <Filter>Source Files\Custom sources</Filter>
    </ClCompile>
    <ClCompile Include="Core\functionsBaseCV.cpp">
      <Filter>Source Files\Custom sources</Filter>
    </ClCompile>
    <ClCompile Include="Filtering\filtering.cpp">
      <Filter>Source Files\Custom sources</Filter>
    </ClCompile>
    <ClCompile Include="Gui\WindowDiffrot.cpp">
      <Filter>WindowCpps</Filter>
    </ClCompile>
    <ClCompile Include="Gui\WindowIPC2PicAlign.cpp">
      <Filter>WindowCpps</Filter>
    </ClCompile>
    <ClCompile Include="Gui\WindowIPCoptimize.cpp">
      <Filter>WindowCpps</Filter>
    </ClCompile>
    <ClCompile Include="Gui\WindowIPCparameters.cpp">
      <Filter>WindowCpps</Filter>
    </ClCompile>
    <ClCompile Include="Gui\WindowPlot.cpp">
      <Filter>Source Files</Filter>
    </ClCompile>
    <ClCompile Include="Gui\WindowTemplate.cpp">
      <Filter>WindowCpps</Filter>
    </ClCompile>
    <ClCompile Include="Gui\Zdeny_PhD_Shenanigans.cpp">
      <Filter>WindowCpps</Filter>
    </ClCompile>
    <ClCompile Include="InverseMap\inverseMapping.cpp">
      <Filter>Source Files\Custom sources</Filter>
    </ClCompile>
  </ItemGroup>
  <ItemGroup>
    <ClInclude Include="stdafx.h">
      <Filter>Header Files\Global Headers</Filter>
    </ClInclude>
    <ClInclude Include="Plot\plotterqt.h">
      <Filter>Header Files</Filter>
    </ClInclude>
    <ClInclude Include="Plot\plotter.h">
      <Filter>Header Files</Filter>
    </ClInclude>
    <ClInclude Include="Optimization\graphOptimization.h">
      <Filter>Header Files\Custom Headers</Filter>
    </ClInclude>
    <ClInclude Include="Optimization\optimization.h">
      <Filter>Header Files\Custom Headers</Filter>
    </ClInclude>
    <ClInclude Include="Fourier\fourier.h">
      <Filter>Header Files\Custom Headers</Filter>
    </ClInclude>
    <ClInclude Include="Astrophysics\FITS.h">
      <Filter>Header Files\Custom Headers</Filter>
    </ClInclude>
    <ClInclude Include="Astrophysics\functionsAstro.h">
      <Filter>Header Files\Custom Headers</Filter>
    </ClInclude>
    <ClInclude Include="IPC\IPC.h">
      <Filter>Header Files\Custom Headers</Filter>
    </ClInclude>
    <ClInclude Include="Neural\neural.h">
      <Filter>Header Files\Custom Headers</Filter>
    </ClInclude>
    <ClInclude Include="Fractal\fractal.h">
      <Filter>Header Files\Custom Headers</Filter>
    </ClInclude>
    <ClInclude Include="Core\functionsBaseSTL.h">
      <Filter>Header Files\Custom Headers</Filter>
    </ClInclude>
    <ClInclude Include="Core\functionsBaseCV.h">
      <Filter>Header Files\Custom Headers</Filter>
    </ClInclude>
    <ClInclude Include="Filtering\filtering.h">
      <Filter>Header Files\Custom Headers</Filter>
    </ClInclude>
    <ClInclude Include="Core\globals.h">
      <Filter>Header Files\Global Headers</Filter>
    </ClInclude>
    <ClInclude Include="Core\macros.h">
      <Filter>Header Files\Global Headers</Filter>
    </ClInclude>
    <ClInclude Include="Procedural\smoothnoise.h">
      <Filter>Header Files</Filter>
    </ClInclude>
    <ClInclude Include="Log\logger.h">
      <Filter>Header Files\Global Headers</Filter>
    </ClInclude>
    <ClInclude Include="Log\loggercsl.h">
      <Filter>Header Files\Global Headers</Filter>
    </ClInclude>
    <ClInclude Include="Log\loggerqt.h">
      <Filter>Header Files\Global Headers</Filter>
    </ClInclude>
    <ClInclude Include="InverseMap\inverseMapping.h">
      <Filter>Header Files\Custom Headers</Filter>
    </ClInclude>
    <ClInclude Include="Procedural\baseFunctions2d.h">
      <Filter>Header Files</Filter>
    </ClInclude>
    <ClInclude Include="Core\constants.h">
      <Filter>Header Files</Filter>
    </ClInclude>
  </ItemGroup>
  <ItemGroup>
    <QtMoc Include="Plot\qcustomplot.h">
      <Filter>Header Files</Filter>
    </QtMoc>
    <QtMoc Include="Gui\WindowDiffrot.h">
      <Filter>WindowHeaders</Filter>
    </QtMoc>
    <QtMoc Include="Gui\WindowIPC2PicAlign.h">
      <Filter>WindowHeaders</Filter>
    </QtMoc>
    <QtMoc Include="Gui\WindowIPCoptimize.h">
      <Filter>WindowHeaders</Filter>
    </QtMoc>
    <QtMoc Include="Gui\WindowIPCparameters.h">
      <Filter>WindowHeaders</Filter>
    </QtMoc>
    <QtMoc Include="Gui\WindowPlot.h">
      <Filter>Header Files</Filter>
    </QtMoc>
    <QtMoc Include="Gui\WindowTemplate.h">
      <Filter>WindowHeaders</Filter>
    </QtMoc>
    <QtMoc Include="Gui\Zdeny_PhD_Shenanigans.h">
      <Filter>WindowHeaders</Filter>
    </QtMoc>
  </ItemGroup>
  <ItemGroup>
    <QtUic Include="Gui\WindowDiffrot.ui">
      <Filter>Form Files</Filter>
    </QtUic>
    <QtUic Include="Gui\WindowIPC2PicAlign.ui">
      <Filter>Form Files</Filter>
    </QtUic>
    <QtUic Include="Gui\WindowIPCoptimize.ui">
      <Filter>Form Files</Filter>
    </QtUic>
    <QtUic Include="Gui\WindowIPCparameters.ui">
      <Filter>Form Files</Filter>
    </QtUic>
    <QtUic Include="Gui\WindowPlot.ui">
      <Filter>Form Files</Filter>
    </QtUic>
    <QtUic Include="Gui\WindowTemplate.ui">
      <Filter>Form Files</Filter>
    </QtUic>
    <QtUic Include="Gui\Zdeny_PhD_Shenanigans.ui">
      <Filter>Form Files</Filter>
    </QtUic>
  </ItemGroup>
  <ItemGroup>
    <Image Include="Resources\Zdeny_PhD_Shenanigans.ico" />
    <Image Include="Resources\logo.png" />
    <Image Include="Resources\test.png" />
  </ItemGroup>
  <ItemGroup>
    <ResourceCompile Include="Resources\Zdeny_PhD_Shenanigans.rc">
      <Filter>Resource Files</Filter>
    </ResourceCompile>
  </ItemGroup>
  <ItemGroup>
    <QtRcc Include="Resources\Zdeny_PhD_Shenanigans.qrc">
      <Filter>Resource Files</Filter>
    </QtRcc>
  </ItemGroup>
</Project>